
Microsoft Visual Studio Solution File, Format Version 12.00
# Visual Studio 15
VisualStudioVersion = 15.0.27428.2027
MinimumVisualStudioVersion = 10.0.40219.1
Project("{FAE04EC0-301F-11D3-BF4B-00C04F79EFBC}") = "SakuLibrary", "SakuLibrary\SakuLibrary.csproj", "{B72F7A7D-0D05-4122-92B9-EBE456C6E7D3}"
EndProject
Project("{FAE04EC0-301F-11D3-BF4B-00C04F79EFBC}") = "SakuLibrary.Tests", "SakuLibrary.Tests\SakuLibrary.Tests.csproj", "{5F92033C-DC5A-4FD7-89C2-FD0F2616AFDD}"
EndProject
Global
	GlobalSection(SolutionConfigurationPlatforms) = preSolution
		Debug|Any CPU = Debug|Any CPU
		Release|Any CPU = Release|Any CPU
		Debug|x64 = Debug|x64
		Debug|x86 = Debug|x86
		Release|x64 = Release|x64
		Release|x86 = Release|x86
	EndGlobalSection
	GlobalSection(ProjectConfigurationPlatforms) = postSolution
		{B72F7A7D-0D05-4122-92B9-EBE456C6E7D3}.Debug|Any CPU.ActiveCfg = Debug|Any CPU
		{B72F7A7D-0D05-4122-92B9-EBE456C6E7D3}.Debug|Any CPU.Build.0 = Debug|Any CPU
		{B72F7A7D-0D05-4122-92B9-EBE456C6E7D3}.Release|Any CPU.ActiveCfg = Release|Any CPU
		{B72F7A7D-0D05-4122-92B9-EBE456C6E7D3}.Release|Any CPU.Build.0 = Release|Any CPU
		{5F92033C-DC5A-4FD7-89C2-FD0F2616AFDD}.Debug|Any CPU.ActiveCfg = Debug|Any CPU
		{5F92033C-DC5A-4FD7-89C2-FD0F2616AFDD}.Debug|Any CPU.Build.0 = Debug|Any CPU
		{5F92033C-DC5A-4FD7-89C2-FD0F2616AFDD}.Debug|x64.ActiveCfg = Debug|x64
		{5F92033C-DC5A-4FD7-89C2-FD0F2616AFDD}.Debug|x64.Build.0 = Debug|x64
		{5F92033C-DC5A-4FD7-89C2-FD0F2616AFDD}.Debug|x86.ActiveCfg = Debug|x86
		{5F92033C-DC5A-4FD7-89C2-FD0F2616AFDD}.Debug|x86.Build.0 = Debug|x86
		{5F92033C-DC5A-4FD7-89C2-FD0F2616AFDD}.Release|Any CPU.ActiveCfg = Release|Any CPU
		{5F92033C-DC5A-4FD7-89C2-FD0F2616AFDD}.Release|Any CPU.Build.0 = Release|Any CPU
		{5F92033C-DC5A-4FD7-89C2-FD0F2616AFDD}.Release|x64.ActiveCfg = Release|x64
		{5F92033C-DC5A-4FD7-89C2-FD0F2616AFDD}.Release|x64.Build.0 = Release|x64
		{5F92033C-DC5A-4FD7-89C2-FD0F2616AFDD}.Release|x86.ActiveCfg = Release|x86
		{5F92033C-DC5A-4FD7-89C2-FD0F2616AFDD}.Release|x86.Build.0 = Release|x86
	EndGlobalSection
	GlobalSection(SolutionProperties) = preSolution
		HideSolutionNode = FALSE
	EndGlobalSection
	GlobalSection(ExtensibilityGlobals) = postSolution
		SolutionGuid = {AAEF8210-C5E6-4DE8-A66B-729B517FA785}
	EndGlobalSection
EndGlobal
